
Microsoft Visual Studio Solution File, Format Version 12.00
# Visual Studio Version 16
VisualStudioVersion = 16.0.32126.315
MinimumVisualStudioVersion = 10.0.40219.1
Project("{9A19103F-16F7-4668-BE54-9A1E7A4F7556}") = "laba2_1", "laba2_1\laba2_1.csproj", "{2CA4F287-3E5E-4F2C-BE73-82D279F2D39B}"
EndProject
Project("{FAE04EC0-301F-11D3-BF4B-00C04F79EFBC}") = "laba2_2", "laba2_2\laba2_2.csproj", "{3E12E010-69A9-4560-BA1B-087C3C2E3579}"
EndProject
Global
	GlobalSection(SolutionConfigurationPlatforms) = preSolution
		Debug|Any CPU = Debug|Any CPU
		Release|Any CPU = Release|Any CPU
	EndGlobalSection
	GlobalSection(ProjectConfigurationPlatforms) = postSolution
		{2CA4F287-3E5E-4F2C-BE73-82D279F2D39B}.Debug|Any CPU.ActiveCfg = Debug|Any CPU
		{2CA4F287-3E5E-4F2C-BE73-82D279F2D39B}.Debug|Any CPU.Build.0 = Debug|Any CPU
		{2CA4F287-3E5E-4F2C-BE73-82D279F2D39B}.Release|Any CPU.ActiveCfg = Release|Any CPU
		{2CA4F287-3E5E-4F2C-BE73-82D279F2D39B}.Release|Any CPU.Build.0 = Release|Any CPU
		{3E12E010-69A9-4560-BA1B-087C3C2E3579}.Debug|Any CPU.ActiveCfg = Debug|Any CPU
		{3E12E010-69A9-4560-BA1B-087C3C2E3579}.Debug|Any CPU.Build.0 = Debug|Any CPU
		{3E12E010-69A9-4560-BA1B-087C3C2E3579}.Release|Any CPU.ActiveCfg = Release|Any CPU
		{3E12E010-69A9-4560-BA1B-087C3C2E3579}.Release|Any CPU.Build.0 = Release|Any CPU
	EndGlobalSection
	GlobalSection(SolutionProperties) = preSolution
		HideSolutionNode = FALSE
	EndGlobalSection
	GlobalSection(ExtensibilityGlobals) = postSolution
		SolutionGuid = {286C7940-7E07-4557-B06A-38A1838848B0}
	EndGlobalSection
EndGlobal
