
Microsoft Visual Studio Solution File, Format Version 12.00
# Visual Studio Version 17
VisualStudioVersion = 17.1.32228.430
MinimumVisualStudioVersion = 10.0.40219.1
Project("{9A19103F-16F7-4668-BE54-9A1E7A4F7556}") = "laba5", "laba5\laba5.csproj", "{95B085B5-D5E5-4AED-ABFF-D16EAE5EA75C}"
EndProject
Project("{FAE04EC0-301F-11D3-BF4B-00C04F79EFBC}") = "TestProject1", "TestProject1\TestProject1.csproj", "{11945A86-F8B0-4351-861B-AB40980E4DCE}"
EndProject
Global
	GlobalSection(SolutionConfigurationPlatforms) = preSolution
		Debug|Any CPU = Debug|Any CPU
		Release|Any CPU = Release|Any CPU
	EndGlobalSection
	GlobalSection(ProjectConfigurationPlatforms) = postSolution
		{95B085B5-D5E5-4AED-ABFF-D16EAE5EA75C}.Debug|Any CPU.ActiveCfg = Debug|Any CPU
		{95B085B5-D5E5-4AED-ABFF-D16EAE5EA75C}.Debug|Any CPU.Build.0 = Debug|Any CPU
		{95B085B5-D5E5-4AED-ABFF-D16EAE5EA75C}.Release|Any CPU.ActiveCfg = Release|Any CPU
		{95B085B5-D5E5-4AED-ABFF-D16EAE5EA75C}.Release|Any CPU.Build.0 = Release|Any CPU
		{11945A86-F8B0-4351-861B-AB40980E4DCE}.Debug|Any CPU.ActiveCfg = Debug|Any CPU
		{11945A86-F8B0-4351-861B-AB40980E4DCE}.Debug|Any CPU.Build.0 = Debug|Any CPU
		{11945A86-F8B0-4351-861B-AB40980E4DCE}.Release|Any CPU.ActiveCfg = Release|Any CPU
		{11945A86-F8B0-4351-861B-AB40980E4DCE}.Release|Any CPU.Build.0 = Release|Any CPU
	EndGlobalSection
	GlobalSection(SolutionProperties) = preSolution
		HideSolutionNode = FALSE
	EndGlobalSection
	GlobalSection(ExtensibilityGlobals) = postSolution
		SolutionGuid = {64B028A8-64AD-43E9-8A15-E93F2E6EA6E9}
	EndGlobalSection
EndGlobal
