
Microsoft Visual Studio Solution File, Format Version 12.00
# Visual Studio Version 17
VisualStudioVersion = 17.1.32228.430
MinimumVisualStudioVersion = 10.0.40219.1
Project("{9A19103F-16F7-4668-BE54-9A1E7A4F7556}") = "Laba3_1", "Laba3_1\Laba3_1.csproj", "{1FEB07C8-DF8E-4C07-A41E-1E3115B51E9C}"
EndProject
Project("{9A19103F-16F7-4668-BE54-9A1E7A4F7556}") = "Laba3_2", "Laba3_2\Laba3_2.csproj", "{FE062AAE-72E7-431B-A4AE-DFDE97214FE5}"
EndProject
Project("{9A19103F-16F7-4668-BE54-9A1E7A4F7556}") = "Laba3_3", "Laba3_3\Laba3_3.csproj", "{481BB8EE-6D8D-49DC-9DE3-1D46E05C2D65}"
EndProject
Project("{FAE04EC0-301F-11D3-BF4B-00C04F79EFBC}") = "TestProject1", "TestProject1\TestProject1.csproj", "{0F51FAEA-1148-469F-BC6E-897DB7907B7B}"
EndProject
Project("{FAE04EC0-301F-11D3-BF4B-00C04F79EFBC}") = "TestProject2", "TestProject2\TestProject2.csproj", "{A59B9C56-D2DF-49BD-B17D-E8506367CE1F}"
EndProject
Global
	GlobalSection(SolutionConfigurationPlatforms) = preSolution
		Debug|Any CPU = Debug|Any CPU
		Release|Any CPU = Release|Any CPU
	EndGlobalSection
	GlobalSection(ProjectConfigurationPlatforms) = postSolution
		{1FEB07C8-DF8E-4C07-A41E-1E3115B51E9C}.Debug|Any CPU.ActiveCfg = Debug|Any CPU
		{1FEB07C8-DF8E-4C07-A41E-1E3115B51E9C}.Debug|Any CPU.Build.0 = Debug|Any CPU
		{1FEB07C8-DF8E-4C07-A41E-1E3115B51E9C}.Release|Any CPU.ActiveCfg = Release|Any CPU
		{1FEB07C8-DF8E-4C07-A41E-1E3115B51E9C}.Release|Any CPU.Build.0 = Release|Any CPU
		{FE062AAE-72E7-431B-A4AE-DFDE97214FE5}.Debug|Any CPU.ActiveCfg = Debug|Any CPU
		{FE062AAE-72E7-431B-A4AE-DFDE97214FE5}.Debug|Any CPU.Build.0 = Debug|Any CPU
		{FE062AAE-72E7-431B-A4AE-DFDE97214FE5}.Release|Any CPU.ActiveCfg = Release|Any CPU
		{FE062AAE-72E7-431B-A4AE-DFDE97214FE5}.Release|Any CPU.Build.0 = Release|Any CPU
		{481BB8EE-6D8D-49DC-9DE3-1D46E05C2D65}.Debug|Any CPU.ActiveCfg = Debug|Any CPU
		{481BB8EE-6D8D-49DC-9DE3-1D46E05C2D65}.Debug|Any CPU.Build.0 = Debug|Any CPU
		{481BB8EE-6D8D-49DC-9DE3-1D46E05C2D65}.Release|Any CPU.ActiveCfg = Release|Any CPU
		{481BB8EE-6D8D-49DC-9DE3-1D46E05C2D65}.Release|Any CPU.Build.0 = Release|Any CPU
		{0F51FAEA-1148-469F-BC6E-897DB7907B7B}.Debug|Any CPU.ActiveCfg = Debug|Any CPU
		{0F51FAEA-1148-469F-BC6E-897DB7907B7B}.Debug|Any CPU.Build.0 = Debug|Any CPU
		{0F51FAEA-1148-469F-BC6E-897DB7907B7B}.Release|Any CPU.ActiveCfg = Release|Any CPU
		{0F51FAEA-1148-469F-BC6E-897DB7907B7B}.Release|Any CPU.Build.0 = Release|Any CPU
		{A59B9C56-D2DF-49BD-B17D-E8506367CE1F}.Debug|Any CPU.ActiveCfg = Debug|Any CPU
		{A59B9C56-D2DF-49BD-B17D-E8506367CE1F}.Debug|Any CPU.Build.0 = Debug|Any CPU
		{A59B9C56-D2DF-49BD-B17D-E8506367CE1F}.Release|Any CPU.ActiveCfg = Release|Any CPU
		{A59B9C56-D2DF-49BD-B17D-E8506367CE1F}.Release|Any CPU.Build.0 = Release|Any CPU
	EndGlobalSection
	GlobalSection(SolutionProperties) = preSolution
		HideSolutionNode = FALSE
	EndGlobalSection
	GlobalSection(ExtensibilityGlobals) = postSolution
		SolutionGuid = {2686F4AF-6843-4DF0-B5B1-0B98A4A25B9A}
	EndGlobalSection
EndGlobal
